
Microsoft Visual Studio Solution File, Format Version 12.00
# Visual Studio Version 17
VisualStudioVersion = 17.4.33403.182
MinimumVisualStudioVersion = 10.0.40219.1
Project("{9A19103F-16F7-4668-BE54-9A1E7A4F7556}") = "PetStays.API", "PetStays.API\PetStays.API.csproj", "{F72F14B0-9F16-494D-A49E-8E8925CF2D40}"
EndProject
Project("{2150E333-8FDC-42A3-9474-1A3956D46DE8}") = "Main", "Main", "{56D47715-FFF7-4C0C-B70F-40AEC05F5172}"
EndProject
Project("{9A19103F-16F7-4668-BE54-9A1E7A4F7556}") = "PetStays.App", "PetStays.App\PetStays.App.csproj", "{2641EA49-144E-4924-A66E-3EC3C442350C}"
EndProject
Project("{9A19103F-16F7-4668-BE54-9A1E7A4F7556}") = "PetStays.Domain", "PetStays.Domain\PetStays.Domain.csproj", "{1986298D-97A2-4ACD-817D-BAD009C5FA05}"
EndProject
Project("{2150E333-8FDC-42A3-9474-1A3956D46DE8}") = "SolutionDocs", "SolutionDocs", "{78BCD143-A599-4FDC-8532-8EC85B4231C4}"
	ProjectSection(SolutionItems) = preProject
		Scaffold.txt = Scaffold.txt
	EndProjectSection
EndProject
Project("{2150E333-8FDC-42A3-9474-1A3956D46DE8}") = "Framework", "Framework", "{D108E359-776A-4B72-9022-71BCF55B13BC}"
EndProject
Project("{2150E333-8FDC-42A3-9474-1A3956D46DE8}") = "Demonstration", "Demonstration", "{01E8D3E8-1657-4A7A-B402-7A4BF6EF5276}"
EndProject
Project("{9A19103F-16F7-4668-BE54-9A1E7A4F7556}") = "PetStays.SQL", "PetStays.SQL\PetStays.SQL.csproj", "{84157176-EDA6-4FC8-9B66-A1A1134CD7D5}"
EndProject
Project("{9A19103F-16F7-4668-BE54-9A1E7A4F7556}") = "PetStays.Persistence", "PetStays.Interface\PetStays.Persistence.csproj", "{07EBB314-81BC-4FFC-ABA4-7AE67E9B432C}"
EndProject
Project("{2150E333-8FDC-42A3-9474-1A3956D46DE8}") = "Scripts", "Scripts", "{C96AA4EE-9DC4-43C3-B0CF-35A45872836A}"
	ProjectSection(SolutionItems) = preProject
		DbScript.txt = DbScript.txt
	EndProjectSection
EndProject
Global
	GlobalSection(SolutionConfigurationPlatforms) = preSolution
		Debug|Any CPU = Debug|Any CPU
		Release|Any CPU = Release|Any CPU
	EndGlobalSection
	GlobalSection(ProjectConfigurationPlatforms) = postSolution
		{F72F14B0-9F16-494D-A49E-8E8925CF2D40}.Debug|Any CPU.ActiveCfg = Debug|Any CPU
		{F72F14B0-9F16-494D-A49E-8E8925CF2D40}.Debug|Any CPU.Build.0 = Debug|Any CPU
		{F72F14B0-9F16-494D-A49E-8E8925CF2D40}.Release|Any CPU.ActiveCfg = Release|Any CPU
		{F72F14B0-9F16-494D-A49E-8E8925CF2D40}.Release|Any CPU.Build.0 = Release|Any CPU
		{2641EA49-144E-4924-A66E-3EC3C442350C}.Debug|Any CPU.ActiveCfg = Debug|Any CPU
		{2641EA49-144E-4924-A66E-3EC3C442350C}.Debug|Any CPU.Build.0 = Debug|Any CPU
		{2641EA49-144E-4924-A66E-3EC3C442350C}.Release|Any CPU.ActiveCfg = Release|Any CPU
		{2641EA49-144E-4924-A66E-3EC3C442350C}.Release|Any CPU.Build.0 = Release|Any CPU
		{1986298D-97A2-4ACD-817D-BAD009C5FA05}.Debug|Any CPU.ActiveCfg = Debug|Any CPU
		{1986298D-97A2-4ACD-817D-BAD009C5FA05}.Debug|Any CPU.Build.0 = Debug|Any CPU
		{1986298D-97A2-4ACD-817D-BAD009C5FA05}.Release|Any CPU.ActiveCfg = Release|Any CPU
		{1986298D-97A2-4ACD-817D-BAD009C5FA05}.Release|Any CPU.Build.0 = Release|Any CPU
		{84157176-EDA6-4FC8-9B66-A1A1134CD7D5}.Debug|Any CPU.ActiveCfg = Debug|Any CPU
		{84157176-EDA6-4FC8-9B66-A1A1134CD7D5}.Debug|Any CPU.Build.0 = Debug|Any CPU
		{84157176-EDA6-4FC8-9B66-A1A1134CD7D5}.Release|Any CPU.ActiveCfg = Release|Any CPU
		{84157176-EDA6-4FC8-9B66-A1A1134CD7D5}.Release|Any CPU.Build.0 = Release|Any CPU
		{07EBB314-81BC-4FFC-ABA4-7AE67E9B432C}.Debug|Any CPU.ActiveCfg = Debug|Any CPU
		{07EBB314-81BC-4FFC-ABA4-7AE67E9B432C}.Debug|Any CPU.Build.0 = Debug|Any CPU
		{07EBB314-81BC-4FFC-ABA4-7AE67E9B432C}.Release|Any CPU.ActiveCfg = Release|Any CPU
		{07EBB314-81BC-4FFC-ABA4-7AE67E9B432C}.Release|Any CPU.Build.0 = Release|Any CPU
	EndGlobalSection
	GlobalSection(SolutionProperties) = preSolution
		HideSolutionNode = FALSE
	EndGlobalSection
	GlobalSection(NestedProjects) = preSolution
		{F72F14B0-9F16-494D-A49E-8E8925CF2D40} = {01E8D3E8-1657-4A7A-B402-7A4BF6EF5276}
		{2641EA49-144E-4924-A66E-3EC3C442350C} = {56D47715-FFF7-4C0C-B70F-40AEC05F5172}
		{1986298D-97A2-4ACD-817D-BAD009C5FA05} = {56D47715-FFF7-4C0C-B70F-40AEC05F5172}
		{84157176-EDA6-4FC8-9B66-A1A1134CD7D5} = {D108E359-776A-4B72-9022-71BCF55B13BC}
		{07EBB314-81BC-4FFC-ABA4-7AE67E9B432C} = {D108E359-776A-4B72-9022-71BCF55B13BC}
		{C96AA4EE-9DC4-43C3-B0CF-35A45872836A} = {78BCD143-A599-4FDC-8532-8EC85B4231C4}
	EndGlobalSection
	GlobalSection(ExtensibilityGlobals) = postSolution
		SolutionGuid = {2F15249E-4CDB-443E-8C45-F8AE00DD1A5F}
	EndGlobalSection
EndGlobal
